
Microsoft Visual Studio Solution File, Format Version 12.00
# Visual Studio Version 17
VisualStudioVersion = 17.2.32602.215
MinimumVisualStudioVersion = 10.0.40219.1
Project("{FAE04EC0-301F-11D3-BF4B-00C04F79EFBC}") = "Traffic_Web", "Traffic_Web\Traffic_Web.csproj", "{AC943C02-A67D-4C13-972C-0651C29A4E80}"
EndProject
Global
	GlobalSection(SolutionConfigurationPlatforms) = preSolution
		Debug|Any CPU = Debug|Any CPU
		Release|Any CPU = Release|Any CPU
	EndGlobalSection
	GlobalSection(ProjectConfigurationPlatforms) = postSolution
		{AC943C02-A67D-4C13-972C-0651C29A4E80}.Debug|Any CPU.ActiveCfg = Debug|Any CPU
		{AC943C02-A67D-4C13-972C-0651C29A4E80}.Debug|Any CPU.Build.0 = Debug|Any CPU
		{AC943C02-A67D-4C13-972C-0651C29A4E80}.Release|Any CPU.ActiveCfg = Release|Any CPU
		{AC943C02-A67D-4C13-972C-0651C29A4E80}.Release|Any CPU.Build.0 = Release|Any CPU
	EndGlobalSection
	GlobalSection(SolutionProperties) = preSolution
		HideSolutionNode = FALSE
	EndGlobalSection
	GlobalSection(ExtensibilityGlobals) = postSolution
		SolutionGuid = {1EFB7ADA-0887-407E-B245-1EF6931EB381}
	EndGlobalSection
EndGlobal
